
Microsoft Visual Studio Solution File, Format Version 12.00
# Visual Studio Version 17
VisualStudioVersion = 17.5.002.0
MinimumVisualStudioVersion = 10.0.40219.1
Project("{9A19103F-16F7-4668-BE54-9A1E7A4F7556}") = "coding-tracker", "coding-tracker.csproj", "{B57F7223-A552-4A52-AE35-C0B9D6EC739A}"
EndProject
Global
	GlobalSection(SolutionConfigurationPlatforms) = preSolution
		Debug|Any CPU = Debug|Any CPU
		Release|Any CPU = Release|Any CPU
	EndGlobalSection
	GlobalSection(ProjectConfigurationPlatforms) = postSolution
		{B57F7223-A552-4A52-AE35-C0B9D6EC739A}.Debug|Any CPU.ActiveCfg = Debug|Any CPU
		{B57F7223-A552-4A52-AE35-C0B9D6EC739A}.Debug|Any CPU.Build.0 = Debug|Any CPU
		{B57F7223-A552-4A52-AE35-C0B9D6EC739A}.Release|Any CPU.ActiveCfg = Release|Any CPU
		{B57F7223-A552-4A52-AE35-C0B9D6EC739A}.Release|Any CPU.Build.0 = Release|Any CPU
	EndGlobalSection
	GlobalSection(SolutionProperties) = preSolution
		HideSolutionNode = FALSE
	EndGlobalSection
	GlobalSection(ExtensibilityGlobals) = postSolution
		SolutionGuid = {A38C0136-D76E-409D-AE3E-B71DCFE77988}
	EndGlobalSection
EndGlobal
